
Microsoft Visual Studio Solution File, Format Version 12.00
# Visual Studio Version 16
VisualStudioVersion = 16.0.32228.343
MinimumVisualStudioVersion = 10.0.40219.1
Project("{FAE04EC0-301F-11D3-BF4B-00C04F79EFBC}") = "EasyUefiPackage", "EasyUefiPackage\EasyUefiPackage.csproj", "{46BA74C8-C13D-49F6-A278-AED10CBC0BF8}"
EndProject
Global
	GlobalSection(SolutionConfigurationPlatforms) = preSolution
		Debug|Any CPU = Debug|Any CPU
		Release|Any CPU = Release|Any CPU
	EndGlobalSection
	GlobalSection(ProjectConfigurationPlatforms) = postSolution
		{46BA74C8-C13D-49F6-A278-AED10CBC0BF8}.Debug|Any CPU.ActiveCfg = Debug|Any CPU
		{46BA74C8-C13D-49F6-A278-AED10CBC0BF8}.Debug|Any CPU.Build.0 = Debug|Any CPU
		{46BA74C8-C13D-49F6-A278-AED10CBC0BF8}.Release|Any CPU.ActiveCfg = Release|Any CPU
		{46BA74C8-C13D-49F6-A278-AED10CBC0BF8}.Release|Any CPU.Build.0 = Release|Any CPU
	EndGlobalSection
	GlobalSection(SolutionProperties) = preSolution
		HideSolutionNode = FALSE
	EndGlobalSection
	GlobalSection(ExtensibilityGlobals) = postSolution
		SolutionGuid = {77DFB95B-B373-4B82-99E7-98DA339D5FC7}
	EndGlobalSection
EndGlobal
